# This file was autogenerated by uv via the following command:
#    uv pip compile pyproject.toml ../coms/pyproject.toml --extra g1 --extra g2
base58==2.1.1
    # via commons (../coms/pyproject.toml)
h11==0.14.0
    # via commons (../coms/pyproject.toml)
pysha3==1.0.2
    # via commons (../coms/pyproject.toml)
xdg==6.0.0
    # via app (pyproject.toml)
